<?xml version="1.0" encoding="utf-8"?>
<Project ToolsVersion="4.0" xmlns="http://schemas.microsoft.com/developer/msbuild/2003">
  <ItemGroup>
    <Filter Include="Sources">
      <UniqueIdentifier>{bf5f7225-5483-4624-bff3-02fc3e96db0d}</UniqueIdentifier>
    </Filter>
    <Filter Include="Headers">
      <UniqueIdentifier>{459d3217-b0fe-4596-8e0b-44b2861e1ff6}</UniqueIdentifier>
    </Filter>
  </ItemGroup>
  <ItemGroup>
    <ClInclude Include="SampleManager.hpp">
      <Filter>Headers</Filter>
    </ClInclude>
    <ClInclude Include="CudaModule.cuh">
      <Filter>Headers</Filter>
    </ClInclude>
    <ClInclude Include="commons.hpp">
      <Filter>Headers</Filter>
    </ClInclude>
    <ClInclude Include="Detector.hpp">
      <Filter>Headers</Filter>
    </ClInclude>
  </ItemGroup>
  <ItemGroup>
    <ClCompile Include="main.cpp">
      <Filter>Sources</Filter>
    </ClCompile>
    <ClCompile Include="SampleManager.cpp">
      <Filter>Sources</Filter>
    </ClCompile>
    <ClCompile Include="Detector.cpp">
      <Filter>Sources</Filter>
    </ClCompile>
  </ItemGroup>
  <ItemGroup>
    <CudaCompile Include="CudaModule.cu">
      <Filter>Sources</Filter>
    </CudaCompile>
  </ItemGroup>
</Project>